
Microsoft Visual Studio Solution File, Format Version 12.00
# Visual Studio 2015
Project("{FAE04EC0-301F-11D3-BF4B-00C04F79EFBC}") = "Hops", "Hops.csproj", "{0862FF7E-0537-0033-49D6-A07A13F5B69A}"
EndProject
Global
	GlobalSection(SolutionConfigurationPlatforms) = preSolution
		Debug|Any CPU = Debug|Any CPU
		Release|Any CPU = Release|Any CPU
	EndGlobalSection
	GlobalSection(ProjectConfigurationPlatforms) = postSolution
		{0862FF7E-0537-0033-49D6-A07A13F5B69A}.Debug|Any CPU.ActiveCfg = Debug|Any CPU
		{0862FF7E-0537-0033-49D6-A07A13F5B69A}.Debug|Any CPU.Build.0 = Debug|Any CPU
		{0862FF7E-0537-0033-49D6-A07A13F5B69A}.Release|Any CPU.ActiveCfg = Release|Any CPU
		{0862FF7E-0537-0033-49D6-A07A13F5B69A}.Release|Any CPU.Build.0 = Release|Any CPU
	EndGlobalSection
	GlobalSection(SolutionProperties) = preSolution
		HideSolutionNode = FALSE
	EndGlobalSection
EndGlobal
